
Microsoft Visual Studio Solution File, Format Version 12.00
# Visual Studio 14
VisualStudioVersion = 14.0.23107.0
MinimumVisualStudioVersion = 10.0.40219.1
Project("{FAE04EC0-301F-11D3-BF4B-00C04F79EFBC}") = "ParserGenerator", "ParserGenerator\ParserGenerator.csproj", "{34637FE2-115A-4977-92FD-59455D56190E}"
EndProject
Project("{FAE04EC0-301F-11D3-BF4B-00C04F79EFBC}") = "ParserGenerator.Tests", "ParserGenerator.Tests\ParserGenerator.Tests.csproj", "{A3F521F4-F4F1-4BD3-B760-E55D68A781BB}"
EndProject
Project("{FAE04EC0-301F-11D3-BF4B-00C04F79EFBC}") = "ParserGenerator.Demo", "ParserGenerator.Demo\ParserGenerator.Demo.csproj", "{2FE399E2-887D-4A29-A54F-FDB776F5CC8F}"
EndProject
Project("{FAE04EC0-301F-11D3-BF4B-00C04F79EFBC}") = "TestLanguage", "TestLanguage\TestLanguage.csproj", "{0664F198-1745-4B7E-B73F-DD65152AFD29}"
EndProject
Project("{FAE04EC0-301F-11D3-BF4B-00C04F79EFBC}") = "TestLanguage.Tests", "TestLanguage.Tests\TestLanguage.Tests.csproj", "{1E047F7F-57F8-4940-A871-17872BE2ED71}"
EndProject
Global
	GlobalSection(SolutionConfigurationPlatforms) = preSolution
		Debug|Any CPU = Debug|Any CPU
		Release|Any CPU = Release|Any CPU
	EndGlobalSection
	GlobalSection(ProjectConfigurationPlatforms) = postSolution
		{34637FE2-115A-4977-92FD-59455D56190E}.Debug|Any CPU.ActiveCfg = Debug|Any CPU
		{34637FE2-115A-4977-92FD-59455D56190E}.Debug|Any CPU.Build.0 = Debug|Any CPU
		{34637FE2-115A-4977-92FD-59455D56190E}.Release|Any CPU.ActiveCfg = Release|Any CPU
		{34637FE2-115A-4977-92FD-59455D56190E}.Release|Any CPU.Build.0 = Release|Any CPU
		{A3F521F4-F4F1-4BD3-B760-E55D68A781BB}.Debug|Any CPU.ActiveCfg = Debug|Any CPU
		{A3F521F4-F4F1-4BD3-B760-E55D68A781BB}.Debug|Any CPU.Build.0 = Debug|Any CPU
		{A3F521F4-F4F1-4BD3-B760-E55D68A781BB}.Release|Any CPU.ActiveCfg = Release|Any CPU
		{A3F521F4-F4F1-4BD3-B760-E55D68A781BB}.Release|Any CPU.Build.0 = Release|Any CPU
		{2FE399E2-887D-4A29-A54F-FDB776F5CC8F}.Debug|Any CPU.ActiveCfg = Debug|Any CPU
		{2FE399E2-887D-4A29-A54F-FDB776F5CC8F}.Debug|Any CPU.Build.0 = Debug|Any CPU
		{2FE399E2-887D-4A29-A54F-FDB776F5CC8F}.Release|Any CPU.ActiveCfg = Release|Any CPU
		{2FE399E2-887D-4A29-A54F-FDB776F5CC8F}.Release|Any CPU.Build.0 = Release|Any CPU
		{0664F198-1745-4B7E-B73F-DD65152AFD29}.Debug|Any CPU.ActiveCfg = Debug|Any CPU
		{0664F198-1745-4B7E-B73F-DD65152AFD29}.Debug|Any CPU.Build.0 = Debug|Any CPU
		{0664F198-1745-4B7E-B73F-DD65152AFD29}.Release|Any CPU.ActiveCfg = Release|Any CPU
		{0664F198-1745-4B7E-B73F-DD65152AFD29}.Release|Any CPU.Build.0 = Release|Any CPU
		{1E047F7F-57F8-4940-A871-17872BE2ED71}.Debug|Any CPU.ActiveCfg = Debug|Any CPU
		{1E047F7F-57F8-4940-A871-17872BE2ED71}.Debug|Any CPU.Build.0 = Debug|Any CPU
		{1E047F7F-57F8-4940-A871-17872BE2ED71}.Release|Any CPU.ActiveCfg = Release|Any CPU
		{1E047F7F-57F8-4940-A871-17872BE2ED71}.Release|Any CPU.Build.0 = Release|Any CPU
	EndGlobalSection
	GlobalSection(SolutionProperties) = preSolution
		HideSolutionNode = FALSE
	EndGlobalSection
EndGlobal
